schema: '2.0'
stages:
  ensemble_10km_test:
    cmd: wavi ensemble_10km_test ingest datasets
    deps:
    - path: datasets/ensemble_10km_test.nc
      md5: 3cea3e6f680cfaf8b9c7812abf68b713
      size: 9430
    - path: wavi_on_ray/ensemble_10km_test/ingestion.py
      md5: 1628347afdf922ea04affe0fe8cdca27
      size: 1364
    outs:
    - path: datasets/prepared/ensemble_10km_test
      md5: e84b403c889386af07e0b0f259bc67f6.dir
      size: 18448
      nfiles: 1
  ensemble_10km_test_ingest:
    cmd: wavi ensemble_10km_test ingest datasets
    deps:
    - path: datasets/ensemble_10km_test.nc
      md5: 3cea3e6f680cfaf8b9c7812abf68b713
      size: 9430
    - path: wavi_on_ray/ensemble_10km_test/ingestion.py
      md5: 83a9a78ef852b28fc728228706ec36ea
      size: 1350
    outs:
    - path: datasets/prepared/ensemble_10km_test/full.hdf
      md5: 0b8dbf95247db0d4c5c19bcba4130ecf
      size: 18448
  ensemble_10km_test_build_datasets:
    cmd: wavi ensemble_10km_test build-datasets datasets
    deps:
    - path: datasets/prepared/ensemble_10km_test/full.hdf
      md5: 0b8dbf95247db0d4c5c19bcba4130ecf
      size: 18448
    - path: wavi_on_ray/ensemble_10km_test/training_datasets.py
      md5: 72488f548c8b1cb6979b0fc199ef3c2e
      size: 2626
    outs:
    - path: datasets/prepared/ensemble_10km_test/training
      md5: 95613232ba369ec0fa48d76af7d5bdde.dir
      size: 92240
      nfiles: 5
  ensemble_10km_basin_specific:
    cmd: wavi ensemble_10km_basin_specific ingest datasets
    deps:
    - path: datasets/ensemble_10km_basin_specific.nc
      md5: 7866985deb58dc44892e22c0eff46aaf
      size: 16288
    - path: wavi_on_ray/ensemble_10km_basin_specific/ingestion.py
      md5: f03903660c4488b1882ac6606d8aeb06
      size: 1455
    outs:
    - path: datasets/prepared/ensemble_10km_basin_specific/full.hdf
      md5: bde5d46e3883b1d129bc7677150210aa
      size: 35163
  ensemble_10km_basin_specific_build_datasets:
    cmd: wavi ensemble_10km_basin_specific build-datasets datasets
    deps:
    - path: datasets/prepared/ensemble_10km_basin_specific/full.hdf
      md5: bde5d46e3883b1d129bc7677150210aa
      size: 35163
    - path: wavi_on_ray/ensemble_10km_basin_specific/training_datasets.py
      md5: 18d910479f5d13786d151b5c173c5462
      size: 2119
    outs:
    - path: datasets/prepared/ensemble_10km_basin_specific/training
      md5: 30ef53af3be486d4b36be431afb8e314.dir
      size: 25864
      nfiles: 1
